
Microsoft Visual Studio Solution File, Format Version 12.00
# Visual Studio Version 17
VisualStudioVersion = 17.6.33815.320
MinimumVisualStudioVersion = 10.0.40219.1
Project("{FAE04EC0-301F-11D3-BF4B-00C04F79EFBC}") = "HelloDotNetGuide", "HelloDotNetGuide\HelloDotNetGuide.csproj", "{56E91BBD-3DEC-4FD0-9945-B8EF990FEB67}"
EndProject
Global
	GlobalSection(SolutionConfigurationPlatforms) = preSolution
		Debug|Any CPU = Debug|Any CPU
		Release|Any CPU = Release|Any CPU
	EndGlobalSection
	GlobalSection(ProjectConfigurationPlatforms) = postSolution
		{56E91BBD-3DEC-4FD0-9945-B8EF990FEB67}.Debug|Any CPU.ActiveCfg = Debug|Any CPU
		{56E91BBD-3DEC-4FD0-9945-B8EF990FEB67}.Debug|Any CPU.Build.0 = Debug|Any CPU
		{56E91BBD-3DEC-4FD0-9945-B8EF990FEB67}.Release|Any CPU.ActiveCfg = Release|Any CPU
		{56E91BBD-3DEC-4FD0-9945-B8EF990FEB67}.Release|Any CPU.Build.0 = Release|Any CPU
	EndGlobalSection
	GlobalSection(SolutionProperties) = preSolution
		HideSolutionNode = FALSE
	EndGlobalSection
	GlobalSection(ExtensibilityGlobals) = postSolution
		SolutionGuid = {AB470AF4-35AE-4E06-B95A-9003F6A9CBB6}
	EndGlobalSection
EndGlobal
